
Microsoft Visual Studio Solution File, Format Version 12.00
# Visual Studio Version 16
VisualStudioVersion = 16.0.29728.190
MinimumVisualStudioVersion = 10.0.40219.1
Project("{FAE04EC0-301F-11D3-BF4B-00C04F79EFBC}") = "FirstApp", "FirstApp\FirstApp.csproj", "{35330AA8-4FB2-4DA6-8CCA-CB9ABBC031F5}"
EndProject
Global
	GlobalSection(SolutionConfigurationPlatforms) = preSolution
		Debug|Any CPU = Debug|Any CPU
		Release|Any CPU = Release|Any CPU
	EndGlobalSection
	GlobalSection(ProjectConfigurationPlatforms) = postSolution
		{35330AA8-4FB2-4DA6-8CCA-CB9ABBC031F5}.Debug|Any CPU.ActiveCfg = Debug|Any CPU
		{35330AA8-4FB2-4DA6-8CCA-CB9ABBC031F5}.Debug|Any CPU.Build.0 = Debug|Any CPU
		{35330AA8-4FB2-4DA6-8CCA-CB9ABBC031F5}.Release|Any CPU.ActiveCfg = Release|Any CPU
		{35330AA8-4FB2-4DA6-8CCA-CB9ABBC031F5}.Release|Any CPU.Build.0 = Release|Any CPU
	EndGlobalSection
	GlobalSection(SolutionProperties) = preSolution
		HideSolutionNode = FALSE
	EndGlobalSection
	GlobalSection(ExtensibilityGlobals) = postSolution
		SolutionGuid = {9FCEBFFF-3123-47C1-838B-03142AA1D2E3}
	EndGlobalSection
EndGlobal
